Microsoft Visual Studio Solution File, Format Version 11.00
# Visual Studio 2008

Project("{5AA2130D-763E-8CBB-8473-E30EC8C22264}") = "Graphics Project 2", "Assembly-CSharp.csproj", "{D3FA5160-6673-DF42-1C76-4B30959BD355}"
EndProject
Global
	GlobalSection(SolutionConfigurationPlatforms) = preSolution
		Debug|Any CPU = Debug|Any CPU
		Release|Any CPU = Release|Any CPU
	EndGlobalSection
	GlobalSection(ProjectConfigurationPlatforms) = postSolution
		{D3FA5160-6673-DF42-1C76-4B30959BD355}.Debug|Any CPU.ActiveCfg = Debug|Any CPU
		{D3FA5160-6673-DF42-1C76-4B30959BD355}.Debug|Any CPU.Build.0 = Debug|Any CPU
		{D3FA5160-6673-DF42-1C76-4B30959BD355}.Release|Any CPU.ActiveCfg = Release|Any CPU
		{D3FA5160-6673-DF42-1C76-4B30959BD355}.Release|Any CPU.Build.0 = Release|Any CPU
	EndGlobalSection
	GlobalSection(SolutionProperties) = preSolution
		HideSolutionNode = FALSE
	EndGlobalSection
	GlobalSection(MonoDevelopProperties) = preSolution
		StartupItem = Assembly-CSharp.csproj
	EndGlobalSection
EndGlobal
